
Microsoft Visual Studio Solution File, Format Version 12.00
# Visual Studio Version 16
VisualStudioVersion = 16.0.30611.23
MinimumVisualStudioVersion = 10.0.40219.1
Project("{FAE04EC0-301F-11D3-BF4B-00C04F79EFBC}") = "AnimelCatlog.API", "AnimelCatlog.API\AnimelCatlog.API.csproj", "{1F0DFAD7-9A2D-4A15-BEF9-85255733E0DC}"
EndProject
Project("{FAE04EC0-301F-11D3-BF4B-00C04F79EFBC}") = "AnimelCatlog.Domain", "AnimelCatlog.Domain\AnimelCatlog.Domain.csproj", "{E4F48AB3-5826-46D1-B06F-C74FFD985C00}"
EndProject
Global
	GlobalSection(SolutionConfigurationPlatforms) = preSolution
		Debug|Any CPU = Debug|Any CPU
		Release|Any CPU = Release|Any CPU
	EndGlobalSection
	GlobalSection(ProjectConfigurationPlatforms) = postSolution
		{1F0DFAD7-9A2D-4A15-BEF9-85255733E0DC}.Debug|Any CPU.ActiveCfg = Debug|Any CPU
		{1F0DFAD7-9A2D-4A15-BEF9-85255733E0DC}.Debug|Any CPU.Build.0 = Debug|Any CPU
		{1F0DFAD7-9A2D-4A15-BEF9-85255733E0DC}.Release|Any CPU.ActiveCfg = Release|Any CPU
		{1F0DFAD7-9A2D-4A15-BEF9-85255733E0DC}.Release|Any CPU.Build.0 = Release|Any CPU
		{E4F48AB3-5826-46D1-B06F-C74FFD985C00}.Debug|Any CPU.ActiveCfg = Debug|Any CPU
		{E4F48AB3-5826-46D1-B06F-C74FFD985C00}.Debug|Any CPU.Build.0 = Debug|Any CPU
		{E4F48AB3-5826-46D1-B06F-C74FFD985C00}.Release|Any CPU.ActiveCfg = Release|Any CPU
		{E4F48AB3-5826-46D1-B06F-C74FFD985C00}.Release|Any CPU.Build.0 = Release|Any CPU
	EndGlobalSection
	GlobalSection(SolutionProperties) = preSolution
		HideSolutionNode = FALSE
	EndGlobalSection
	GlobalSection(ExtensibilityGlobals) = postSolution
		SolutionGuid = {AB7E9866-9E77-4946-9B11-C58832833371}
	EndGlobalSection
EndGlobal
